
Microsoft Visual Studio Solution File, Format Version 12.00
# Visual Studio Version 17
VisualStudioVersion = 17.5.002.0
MinimumVisualStudioVersion = 10.0.40219.1
Project("{9A19103F-16F7-4668-BE54-9A1E7A4F7556}") = "ZADACHA", "ZADACHA\ZADACHA.csproj", "{611AA6B2-C861-405F-9CFA-A18A0DF51BF9}"
EndProject
Global
	GlobalSection(SolutionConfigurationPlatforms) = preSolution
		Debug|Any CPU = Debug|Any CPU
		Release|Any CPU = Release|Any CPU
	EndGlobalSection
	GlobalSection(ProjectConfigurationPlatforms) = postSolution
		{611AA6B2-C861-405F-9CFA-A18A0DF51BF9}.Debug|Any CPU.ActiveCfg = Debug|Any CPU
		{611AA6B2-C861-405F-9CFA-A18A0DF51BF9}.Debug|Any CPU.Build.0 = Debug|Any CPU
		{611AA6B2-C861-405F-9CFA-A18A0DF51BF9}.Release|Any CPU.ActiveCfg = Release|Any CPU
		{611AA6B2-C861-405F-9CFA-A18A0DF51BF9}.Release|Any CPU.Build.0 = Release|Any CPU
	EndGlobalSection
	GlobalSection(SolutionProperties) = preSolution
		HideSolutionNode = FALSE
	EndGlobalSection
	GlobalSection(ExtensibilityGlobals) = postSolution
		SolutionGuid = {A7A3B7A9-53D2-44A9-87E9-4E0716806EFA}
	EndGlobalSection
EndGlobal
